
Microsoft Visual Studio Solution File, Format Version 12.00
# Visual Studio Version 17
VisualStudioVersion = 17.10.35004.147
MinimumVisualStudioVersion = 10.0.40219.1
Project("{FAE04EC0-301F-11D3-BF4B-00C04F79EFBC}") = "Translator.Integration", "Translator.Integration\Translator.Integration.csproj", "{9940715D-A316-4CBA-AD89-63DE60FB5710}"
EndProject
Project("{FAE04EC0-301F-11D3-BF4B-00C04F79EFBC}") = "Translator.Core", "Translator.Core\Translator.Core.csproj", "{1FE40DE6-49D1-4793-B6E7-4A3A6A4000A1}"
EndProject
Global
	GlobalSection(SolutionConfigurationPlatforms) = preSolution
		Debug|Any CPU = Debug|Any CPU
		Release|Any CPU = Release|Any CPU
	EndGlobalSection
	GlobalSection(ProjectConfigurationPlatforms) = postSolution
		{9940715D-A316-4CBA-AD89-63DE60FB5710}.Debug|Any CPU.ActiveCfg = Debug|Any CPU
		{9940715D-A316-4CBA-AD89-63DE60FB5710}.Debug|Any CPU.Build.0 = Debug|Any CPU
		{9940715D-A316-4CBA-AD89-63DE60FB5710}.Release|Any CPU.ActiveCfg = Release|Any CPU
		{9940715D-A316-4CBA-AD89-63DE60FB5710}.Release|Any CPU.Build.0 = Release|Any CPU
		{1FE40DE6-49D1-4793-B6E7-4A3A6A4000A1}.Debug|Any CPU.ActiveCfg = Debug|Any CPU
		{1FE40DE6-49D1-4793-B6E7-4A3A6A4000A1}.Debug|Any CPU.Build.0 = Debug|Any CPU
		{1FE40DE6-49D1-4793-B6E7-4A3A6A4000A1}.Release|Any CPU.ActiveCfg = Release|Any CPU
		{1FE40DE6-49D1-4793-B6E7-4A3A6A4000A1}.Release|Any CPU.Build.0 = Release|Any CPU
	EndGlobalSection
	GlobalSection(SolutionProperties) = preSolution
		HideSolutionNode = FALSE
	EndGlobalSection
	GlobalSection(ExtensibilityGlobals) = postSolution
		SolutionGuid = {05B3986B-D151-40CE-9E71-6BD4377E4DC0}
	EndGlobalSection
EndGlobal
